
Microsoft Visual Studio Solution File, Format Version 12.00
# Visual Studio Version 16
VisualStudioVersion = 16.0.30011.22
MinimumVisualStudioVersion = 10.0.40219.1
Project("{9A19103F-16F7-4668-BE54-9A1E7A4F7556}") = "RayTracer.Tests", "RayTracer.Tests\RayTracer.Tests.csproj", "{FBE90BDB-CED8-4F35-BAD3-76D7AA116596}"
EndProject
Project("{9A19103F-16F7-4668-BE54-9A1E7A4F7556}") = "RayTracer", "RayTracer\RayTracer.csproj", "{293B3A78-717A-4176-A591-66A2E5715CDA}"
EndProject
Project("{2150E333-8FDC-42A3-9474-1A3956D46DE8}") = "Demos", "Demos", "{FE9CAA3A-9918-4F19-AF7B-4DEA5F450C95}"
EndProject
Project("{9A19103F-16F7-4668-BE54-9A1E7A4F7556}") = "00-ProjectileDemo", "00-ProjectileDemo\00-ProjectileDemo.csproj", "{53F9D352-5314-45F7-8F71-CDDAD2A67B2F}"
EndProject
Project("{9A19103F-16F7-4668-BE54-9A1E7A4F7556}") = "01-ProjectileCanvasDemo", "01-ProjectileCanvasDemo\01-ProjectileCanvasDemo.csproj", "{5B6B7E18-9247-43FC-9995-D9C1E76CB85F}"
EndProject
Project("{9A19103F-16F7-4668-BE54-9A1E7A4F7556}") = "02-ClockDemo", "02-ClockDemo\02-ClockDemo.csproj", "{DF22E5E3-3141-4DA7-B7C4-9960C2ABFA68}"
EndProject
Project("{9A19103F-16F7-4668-BE54-9A1E7A4F7556}") = "RayTracer.Demos", "RayTracer.Demos\RayTracer.Demos.csproj", "{6F19E9BE-D34E-4368-9094-B325B7512509}"
EndProject
Project("{9A19103F-16F7-4668-BE54-9A1E7A4F7556}") = "RayTracer.Demos.Browser", "RayTracer.Demos.Browser\RayTracer.Demos.Browser.csproj", "{0299C54B-576A-4A51-ACFB-E7D456C569A6}"
EndProject
Project("{9A19103F-16F7-4668-BE54-9A1E7A4F7556}") = "RayTracer.Demos.Tests", "RayTracer.Demos.Tests\RayTracer.Demos.Tests.csproj", "{F2C1F319-0E19-454F-9748-0F1F26951563}"
EndProject
Project("{9A19103F-16F7-4668-BE54-9A1E7A4F7556}") = "06-ShadowsDemo", "06-ShadowsDemo\06-ShadowsDemo.csproj", "{50E8C273-484D-4032-B90E-9F6A9F7F8C17}"
EndProject
Project("{9A19103F-16F7-4668-BE54-9A1E7A4F7556}") = "07-PlanesDemo", "07-PlanesDemo\07-PlanesDemo.csproj", "{9AA74672-E4DD-4B09-95E6-317F8E4EAB78}"
EndProject
Project("{9A19103F-16F7-4668-BE54-9A1E7A4F7556}") = "08-PatternsDemo", "08-PatternsDemo\08-PatternsDemo.csproj", "{0C4D3623-8EBE-4F72-8127-460BDF0629CF}"
EndProject
Project("{9A19103F-16F7-4668-BE54-9A1E7A4F7556}") = "09-ReflectionsDemo", "09-ReflectionsDemo\09-ReflectionsDemo.csproj", "{3D969743-2627-4AE8-BFF7-46113FE785C8}"
EndProject
Project("{9A19103F-16F7-4668-BE54-9A1E7A4F7556}") = "10-RefractionsDemo", "10-RefractionsDemo\10-RefractionsDemo.csproj", "{9B6B1089-7079-418A-B456-D4C3C3A97608}"
EndProject
Project("{9A19103F-16F7-4668-BE54-9A1E7A4F7556}") = "11-FresnelDemo", "11-FresnelDemo\11-FresnelDemo.csproj", "{C370563B-5C61-448F-8387-B2608D1DB12B}"
EndProject
Project("{9A19103F-16F7-4668-BE54-9A1E7A4F7556}") = "12-CubesDemo", "12-CubesDemo\12-CubesDemo.csproj", "{490FB6D8-171C-4A1A-96AD-AFF7847100CC}"
EndProject
Project("{9A19103F-16F7-4668-BE54-9A1E7A4F7556}") = "14-ConesDemo", "14-ConesDemo\14-ConesDemo.csproj", "{251AB74F-7FD4-4D22-9D24-783639FD511F}"
EndProject
Project("{9A19103F-16F7-4668-BE54-9A1E7A4F7556}") = "15-GroupsDemo", "15-GroupsDemo\15-GroupsDemo.csproj", "{3D2EFEAE-CB00-41F2-9EAF-E4BE145F54C5}"
EndProject
Project("{9A19103F-16F7-4668-BE54-9A1E7A4F7556}") = "13-CylindersDemo", "13-CylindersDemo\13-CylindersDemo.csproj", "{FA4CCB43-6B3E-451B-883C-1A626C4AA6CC}"
EndProject
Project("{9A19103F-16F7-4668-BE54-9A1E7A4F7556}") = "03-SpheresDemo", "03-SpheresDemo\03-SpheresDemo.csproj", "{EBB10A5A-7709-4B6A-A845-95DE30525AD4}"
EndProject
Project("{9A19103F-16F7-4668-BE54-9A1E7A4F7556}") = "04-Spheres3DDemo", "04-Spheres3DDemo\04-Spheres3DDemo.csproj", "{8E77D00E-8069-45B9-97B8-7D62B5744C86}"
EndProject
Project("{9A19103F-16F7-4668-BE54-9A1E7A4F7556}") = "05-ScenesDemo", "05-ScenesDemo\05-ScenesDemo.csproj", "{656EA271-A82A-46DE-A78B-BCC37260DB9B}"
EndProject
Project("{9A19103F-16F7-4668-BE54-9A1E7A4F7556}") = "16-TrianglesDemo", "16-TrianglesDemo\16-TrianglesDemo.csproj", "{EA6715C9-DD4F-4E60-A7A0-48E57DC92C1A}"
EndProject
Project("{9A19103F-16F7-4668-BE54-9A1E7A4F7556}") = "17-CsgDemo", "17-CsgDemo\17-CsgDemo.csproj", "{E5F71B36-380D-4C7C-9A13-639E0EEC70C6}"
EndProject
Project("{9A19103F-16F7-4668-BE54-9A1E7A4F7556}") = "18-CoverDemo", "18-CoverDemo\18-CoverDemo.csproj", "{A26412EE-7C32-4815-941E-758FFE1B9DBE}"
EndProject
Project("{FAE04EC0-301F-11D3-BF4B-00C04F79EFBC}") = "RayTracer.Blazor", "RayTracer.Blazor\RayTracer.Blazor.csproj", "{2779EFF3-9C38-4069-9FDB-5B08F58C92EA}"
EndProject
Global
	GlobalSection(SolutionConfigurationPlatforms) = preSolution
		Debug|Any CPU = Debug|Any CPU
		Release|Any CPU = Release|Any CPU
	EndGlobalSection
	GlobalSection(ProjectConfigurationPlatforms) = postSolution
		{FBE90BDB-CED8-4F35-BAD3-76D7AA116596}.Debug|Any CPU.ActiveCfg = Debug|Any CPU
		{FBE90BDB-CED8-4F35-BAD3-76D7AA116596}.Debug|Any CPU.Build.0 = Debug|Any CPU
		{FBE90BDB-CED8-4F35-BAD3-76D7AA116596}.Release|Any CPU.ActiveCfg = Release|Any CPU
		{FBE90BDB-CED8-4F35-BAD3-76D7AA116596}.Release|Any CPU.Build.0 = Release|Any CPU
		{293B3A78-717A-4176-A591-66A2E5715CDA}.Debug|Any CPU.ActiveCfg = Debug|Any CPU
		{293B3A78-717A-4176-A591-66A2E5715CDA}.Debug|Any CPU.Build.0 = Debug|Any CPU
		{293B3A78-717A-4176-A591-66A2E5715CDA}.Release|Any CPU.ActiveCfg = Release|Any CPU
		{293B3A78-717A-4176-A591-66A2E5715CDA}.Release|Any CPU.Build.0 = Release|Any CPU
		{53F9D352-5314-45F7-8F71-CDDAD2A67B2F}.Debug|Any CPU.ActiveCfg = Debug|Any CPU
		{53F9D352-5314-45F7-8F71-CDDAD2A67B2F}.Debug|Any CPU.Build.0 = Debug|Any CPU
		{53F9D352-5314-45F7-8F71-CDDAD2A67B2F}.Release|Any CPU.ActiveCfg = Release|Any CPU
		{53F9D352-5314-45F7-8F71-CDDAD2A67B2F}.Release|Any CPU.Build.0 = Release|Any CPU
		{5B6B7E18-9247-43FC-9995-D9C1E76CB85F}.Debug|Any CPU.ActiveCfg = Debug|Any CPU
		{5B6B7E18-9247-43FC-9995-D9C1E76CB85F}.Debug|Any CPU.Build.0 = Debug|Any CPU
		{5B6B7E18-9247-43FC-9995-D9C1E76CB85F}.Release|Any CPU.ActiveCfg = Release|Any CPU
		{5B6B7E18-9247-43FC-9995-D9C1E76CB85F}.Release|Any CPU.Build.0 = Release|Any CPU
		{DF22E5E3-3141-4DA7-B7C4-9960C2ABFA68}.Debug|Any CPU.ActiveCfg = Debug|Any CPU
		{DF22E5E3-3141-4DA7-B7C4-9960C2ABFA68}.Debug|Any CPU.Build.0 = Debug|Any CPU
		{DF22E5E3-3141-4DA7-B7C4-9960C2ABFA68}.Release|Any CPU.ActiveCfg = Release|Any CPU
		{DF22E5E3-3141-4DA7-B7C4-9960C2ABFA68}.Release|Any CPU.Build.0 = Release|Any CPU
		{6F19E9BE-D34E-4368-9094-B325B7512509}.Debug|Any CPU.ActiveCfg = Debug|Any CPU
		{6F19E9BE-D34E-4368-9094-B325B7512509}.Debug|Any CPU.Build.0 = Debug|Any CPU
		{6F19E9BE-D34E-4368-9094-B325B7512509}.Release|Any CPU.ActiveCfg = Release|Any CPU
		{6F19E9BE-D34E-4368-9094-B325B7512509}.Release|Any CPU.Build.0 = Release|Any CPU
		{0299C54B-576A-4A51-ACFB-E7D456C569A6}.Debug|Any CPU.ActiveCfg = Debug|Any CPU
		{0299C54B-576A-4A51-ACFB-E7D456C569A6}.Debug|Any CPU.Build.0 = Debug|Any CPU
		{0299C54B-576A-4A51-ACFB-E7D456C569A6}.Release|Any CPU.ActiveCfg = Release|Any CPU
		{0299C54B-576A-4A51-ACFB-E7D456C569A6}.Release|Any CPU.Build.0 = Release|Any CPU
		{F2C1F319-0E19-454F-9748-0F1F26951563}.Debug|Any CPU.ActiveCfg = Debug|Any CPU
		{F2C1F319-0E19-454F-9748-0F1F26951563}.Debug|Any CPU.Build.0 = Debug|Any CPU
		{F2C1F319-0E19-454F-9748-0F1F26951563}.Release|Any CPU.ActiveCfg = Release|Any CPU
		{F2C1F319-0E19-454F-9748-0F1F26951563}.Release|Any CPU.Build.0 = Release|Any CPU
		{50E8C273-484D-4032-B90E-9F6A9F7F8C17}.Debug|Any CPU.ActiveCfg = Debug|Any CPU
		{50E8C273-484D-4032-B90E-9F6A9F7F8C17}.Debug|Any CPU.Build.0 = Debug|Any CPU
		{50E8C273-484D-4032-B90E-9F6A9F7F8C17}.Release|Any CPU.ActiveCfg = Release|Any CPU
		{50E8C273-484D-4032-B90E-9F6A9F7F8C17}.Release|Any CPU.Build.0 = Release|Any CPU
		{9AA74672-E4DD-4B09-95E6-317F8E4EAB78}.Debug|Any CPU.ActiveCfg = Debug|Any CPU
		{9AA74672-E4DD-4B09-95E6-317F8E4EAB78}.Debug|Any CPU.Build.0 = Debug|Any CPU
		{9AA74672-E4DD-4B09-95E6-317F8E4EAB78}.Release|Any CPU.ActiveCfg = Release|Any CPU
		{9AA74672-E4DD-4B09-95E6-317F8E4EAB78}.Release|Any CPU.Build.0 = Release|Any CPU
		{0C4D3623-8EBE-4F72-8127-460BDF0629CF}.Debug|Any CPU.ActiveCfg = Debug|Any CPU
		{0C4D3623-8EBE-4F72-8127-460BDF0629CF}.Debug|Any CPU.Build.0 = Debug|Any CPU
		{0C4D3623-8EBE-4F72-8127-460BDF0629CF}.Release|Any CPU.ActiveCfg = Release|Any CPU
		{0C4D3623-8EBE-4F72-8127-460BDF0629CF}.Release|Any CPU.Build.0 = Release|Any CPU
		{3D969743-2627-4AE8-BFF7-46113FE785C8}.Debug|Any CPU.ActiveCfg = Debug|Any CPU
		{3D969743-2627-4AE8-BFF7-46113FE785C8}.Debug|Any CPU.Build.0 = Debug|Any CPU
		{3D969743-2627-4AE8-BFF7-46113FE785C8}.Release|Any CPU.ActiveCfg = Release|Any CPU
		{3D969743-2627-4AE8-BFF7-46113FE785C8}.Release|Any CPU.Build.0 = Release|Any CPU
		{9B6B1089-7079-418A-B456-D4C3C3A97608}.Debug|Any CPU.ActiveCfg = Debug|Any CPU
		{9B6B1089-7079-418A-B456-D4C3C3A97608}.Debug|Any CPU.Build.0 = Debug|Any CPU
		{9B6B1089-7079-418A-B456-D4C3C3A97608}.Release|Any CPU.ActiveCfg = Release|Any CPU
		{9B6B1089-7079-418A-B456-D4C3C3A97608}.Release|Any CPU.Build.0 = Release|Any CPU
		{C370563B-5C61-448F-8387-B2608D1DB12B}.Debug|Any CPU.ActiveCfg = Debug|Any CPU
		{C370563B-5C61-448F-8387-B2608D1DB12B}.Debug|Any CPU.Build.0 = Debug|Any CPU
		{C370563B-5C61-448F-8387-B2608D1DB12B}.Release|Any CPU.ActiveCfg = Release|Any CPU
		{C370563B-5C61-448F-8387-B2608D1DB12B}.Release|Any CPU.Build.0 = Release|Any CPU
		{490FB6D8-171C-4A1A-96AD-AFF7847100CC}.Debug|Any CPU.ActiveCfg = Debug|Any CPU
		{490FB6D8-171C-4A1A-96AD-AFF7847100CC}.Debug|Any CPU.Build.0 = Debug|Any CPU
		{490FB6D8-171C-4A1A-96AD-AFF7847100CC}.Release|Any CPU.ActiveCfg = Release|Any CPU
		{490FB6D8-171C-4A1A-96AD-AFF7847100CC}.Release|Any CPU.Build.0 = Release|Any CPU
		{251AB74F-7FD4-4D22-9D24-783639FD511F}.Debug|Any CPU.ActiveCfg = Debug|Any CPU
		{251AB74F-7FD4-4D22-9D24-783639FD511F}.Debug|Any CPU.Build.0 = Debug|Any CPU
		{251AB74F-7FD4-4D22-9D24-783639FD511F}.Release|Any CPU.ActiveCfg = Release|Any CPU
		{251AB74F-7FD4-4D22-9D24-783639FD511F}.Release|Any CPU.Build.0 = Release|Any CPU
		{3D2EFEAE-CB00-41F2-9EAF-E4BE145F54C5}.Debug|Any CPU.ActiveCfg = Debug|Any CPU
		{3D2EFEAE-CB00-41F2-9EAF-E4BE145F54C5}.Debug|Any CPU.Build.0 = Debug|Any CPU
		{3D2EFEAE-CB00-41F2-9EAF-E4BE145F54C5}.Release|Any CPU.ActiveCfg = Release|Any CPU
		{3D2EFEAE-CB00-41F2-9EAF-E4BE145F54C5}.Release|Any CPU.Build.0 = Release|Any CPU
		{FA4CCB43-6B3E-451B-883C-1A626C4AA6CC}.Debug|Any CPU.ActiveCfg = Debug|Any CPU
		{FA4CCB43-6B3E-451B-883C-1A626C4AA6CC}.Debug|Any CPU.Build.0 = Debug|Any CPU
		{FA4CCB43-6B3E-451B-883C-1A626C4AA6CC}.Release|Any CPU.ActiveCfg = Release|Any CPU
		{FA4CCB43-6B3E-451B-883C-1A626C4AA6CC}.Release|Any CPU.Build.0 = Release|Any CPU
		{EBB10A5A-7709-4B6A-A845-95DE30525AD4}.Debug|Any CPU.ActiveCfg = Debug|Any CPU
		{EBB10A5A-7709-4B6A-A845-95DE30525AD4}.Debug|Any CPU.Build.0 = Debug|Any CPU
		{EBB10A5A-7709-4B6A-A845-95DE30525AD4}.Release|Any CPU.ActiveCfg = Release|Any CPU
		{EBB10A5A-7709-4B6A-A845-95DE30525AD4}.Release|Any CPU.Build.0 = Release|Any CPU
		{8E77D00E-8069-45B9-97B8-7D62B5744C86}.Debug|Any CPU.ActiveCfg = Debug|Any CPU
		{8E77D00E-8069-45B9-97B8-7D62B5744C86}.Debug|Any CPU.Build.0 = Debug|Any CPU
		{8E77D00E-8069-45B9-97B8-7D62B5744C86}.Release|Any CPU.ActiveCfg = Release|Any CPU
		{8E77D00E-8069-45B9-97B8-7D62B5744C86}.Release|Any CPU.Build.0 = Release|Any CPU
		{656EA271-A82A-46DE-A78B-BCC37260DB9B}.Debug|Any CPU.ActiveCfg = Debug|Any CPU
		{656EA271-A82A-46DE-A78B-BCC37260DB9B}.Debug|Any CPU.Build.0 = Debug|Any CPU
		{656EA271-A82A-46DE-A78B-BCC37260DB9B}.Release|Any CPU.ActiveCfg = Release|Any CPU
		{656EA271-A82A-46DE-A78B-BCC37260DB9B}.Release|Any CPU.Build.0 = Release|Any CPU
		{EA6715C9-DD4F-4E60-A7A0-48E57DC92C1A}.Debug|Any CPU.ActiveCfg = Debug|Any CPU
		{EA6715C9-DD4F-4E60-A7A0-48E57DC92C1A}.Debug|Any CPU.Build.0 = Debug|Any CPU
		{EA6715C9-DD4F-4E60-A7A0-48E57DC92C1A}.Release|Any CPU.ActiveCfg = Release|Any CPU
		{EA6715C9-DD4F-4E60-A7A0-48E57DC92C1A}.Release|Any CPU.Build.0 = Release|Any CPU
		{E5F71B36-380D-4C7C-9A13-639E0EEC70C6}.Debug|Any CPU.ActiveCfg = Debug|Any CPU
		{E5F71B36-380D-4C7C-9A13-639E0EEC70C6}.Debug|Any CPU.Build.0 = Debug|Any CPU
		{E5F71B36-380D-4C7C-9A13-639E0EEC70C6}.Release|Any CPU.ActiveCfg = Release|Any CPU
		{E5F71B36-380D-4C7C-9A13-639E0EEC70C6}.Release|Any CPU.Build.0 = Release|Any CPU
		{A26412EE-7C32-4815-941E-758FFE1B9DBE}.Debug|Any CPU.ActiveCfg = Debug|Any CPU
		{A26412EE-7C32-4815-941E-758FFE1B9DBE}.Debug|Any CPU.Build.0 = Debug|Any CPU
		{A26412EE-7C32-4815-941E-758FFE1B9DBE}.Release|Any CPU.ActiveCfg = Release|Any CPU
		{A26412EE-7C32-4815-941E-758FFE1B9DBE}.Release|Any CPU.Build.0 = Release|Any CPU
		{2779EFF3-9C38-4069-9FDB-5B08F58C92EA}.Debug|Any CPU.ActiveCfg = Debug|Any CPU
		{2779EFF3-9C38-4069-9FDB-5B08F58C92EA}.Debug|Any CPU.Build.0 = Debug|Any CPU
		{2779EFF3-9C38-4069-9FDB-5B08F58C92EA}.Release|Any CPU.ActiveCfg = Release|Any CPU
		{2779EFF3-9C38-4069-9FDB-5B08F58C92EA}.Release|Any CPU.Build.0 = Release|Any CPU
	EndGlobalSection
	GlobalSection(SolutionProperties) = preSolution
		HideSolutionNode = FALSE
	EndGlobalSection
	GlobalSection(NestedProjects) = preSolution
		{53F9D352-5314-45F7-8F71-CDDAD2A67B2F} = {FE9CAA3A-9918-4F19-AF7B-4DEA5F450C95}
		{5B6B7E18-9247-43FC-9995-D9C1E76CB85F} = {FE9CAA3A-9918-4F19-AF7B-4DEA5F450C95}
		{DF22E5E3-3141-4DA7-B7C4-9960C2ABFA68} = {FE9CAA3A-9918-4F19-AF7B-4DEA5F450C95}
		{50E8C273-484D-4032-B90E-9F6A9F7F8C17} = {FE9CAA3A-9918-4F19-AF7B-4DEA5F450C95}
		{9AA74672-E4DD-4B09-95E6-317F8E4EAB78} = {FE9CAA3A-9918-4F19-AF7B-4DEA5F450C95}
		{0C4D3623-8EBE-4F72-8127-460BDF0629CF} = {FE9CAA3A-9918-4F19-AF7B-4DEA5F450C95}
		{3D969743-2627-4AE8-BFF7-46113FE785C8} = {FE9CAA3A-9918-4F19-AF7B-4DEA5F450C95}
		{9B6B1089-7079-418A-B456-D4C3C3A97608} = {FE9CAA3A-9918-4F19-AF7B-4DEA5F450C95}
		{C370563B-5C61-448F-8387-B2608D1DB12B} = {FE9CAA3A-9918-4F19-AF7B-4DEA5F450C95}
		{490FB6D8-171C-4A1A-96AD-AFF7847100CC} = {FE9CAA3A-9918-4F19-AF7B-4DEA5F450C95}
		{251AB74F-7FD4-4D22-9D24-783639FD511F} = {FE9CAA3A-9918-4F19-AF7B-4DEA5F450C95}
		{3D2EFEAE-CB00-41F2-9EAF-E4BE145F54C5} = {FE9CAA3A-9918-4F19-AF7B-4DEA5F450C95}
		{FA4CCB43-6B3E-451B-883C-1A626C4AA6CC} = {FE9CAA3A-9918-4F19-AF7B-4DEA5F450C95}
		{EBB10A5A-7709-4B6A-A845-95DE30525AD4} = {FE9CAA3A-9918-4F19-AF7B-4DEA5F450C95}
		{8E77D00E-8069-45B9-97B8-7D62B5744C86} = {FE9CAA3A-9918-4F19-AF7B-4DEA5F450C95}
		{656EA271-A82A-46DE-A78B-BCC37260DB9B} = {FE9CAA3A-9918-4F19-AF7B-4DEA5F450C95}
		{EA6715C9-DD4F-4E60-A7A0-48E57DC92C1A} = {FE9CAA3A-9918-4F19-AF7B-4DEA5F450C95}
		{E5F71B36-380D-4C7C-9A13-639E0EEC70C6} = {FE9CAA3A-9918-4F19-AF7B-4DEA5F450C95}
		{A26412EE-7C32-4815-941E-758FFE1B9DBE} = {FE9CAA3A-9918-4F19-AF7B-4DEA5F450C95}
	EndGlobalSection
	GlobalSection(ExtensibilityGlobals) = postSolution
		SolutionGuid = {92704132-A07C-4F09-8251-C2E5F2E9E2C4}
	EndGlobalSection
EndGlobal
